PODS:
  - MIKMIDI (0.9.2)
  - MQTTKit (0.1.0-next)

DEPENDENCIES:
  - MIKMIDI
  - MQTTKit (from `https://github.com/256dpi/MQTTKit.git`, branch `fix-osx`)

EXTERNAL SOURCES:
  MQTTKit:
    :branch: fix-osx
    :git: https://github.com/256dpi/MQTTKit.git

SPEC CHECKSUMS:
  MIKMIDI: 1a9fb60df572379b34a4b6e60a5d71db417127de
  MQTTKit: e91eb2cbbd8bf4a40ae06ccab8f3290cdb40c0e2

COCOAPODS: 0.33.1
