// !$*UTF8*$!
{
	archiveVersion = 1;
	classes = {
	};
	objectVersion = 46;
	objects = {

/* Begin PBXBuildFile section */
		2BB04B5F75364C99B2900622 /* libPods.a in Frameworks */ = {isa = PBXBuildFile; fileRef = 2D8B9D0EF59E451A8AEB7A88 /* libPods.a */; };
		52238EA219E3279C006D692E /* CommonClient.m in Sources */ = {isa = PBXBuildFile; fileRef = 52238EA119E3279C006D692E /* CommonClient.m */; };
		5230FF8019E193B400646BC1 /* VideoRelayConfiguration.xib in Resources */ = {isa = PBXBuildFile; fileRef = 5230FF7F19E193B400646BC1 /* VideoRelayConfiguration.xib */; };
		5230FF8219E194D500646BC1 /* MidiRelayConfiguration.xib in Resources */ = {isa = PBXBuildFile; fileRef = 5230FF8119E194D500646BC1 /* MidiRelayConfiguration.xib */; };
		5230FF8419E1961C00646BC1 /* Application.xib in Resources */ = {isa = PBXBuildFile; fileRef = 5230FF8319E1961C00646BC1 /* Application.xib */; };
		5230FF8A19E19FF000646BC1 /* MidiRelayConfigurationController.m in Sources */ = {isa = PBXBuildFile; fileRef = 5230FF8919E19FF000646BC1 /* MidiRelayConfigurationController.m */; };
		5230FF8D19E1A01000646BC1 /* VideoRelayConfigurationController.m in Sources */ = {isa = PBXBuildFile; fileRef = 5230FF8C19E1A01000646BC1 /* VideoRelayConfigurationController.m */; };
		5230FF9B19E1A78C00646BC1 /* MidiRelayStatusController.m in Sources */ = {isa = PBXBuildFile; fileRef = 5230FF9919E1A78C00646BC1 /* MidiRelayStatusController.m */; };
		5230FF9C19E1A78C00646BC1 /* MidiRelayStatus.xib in Resources */ = {isa = PBXBuildFile; fileRef = 5230FF9A19E1A78C00646BC1 /* MidiRelayStatus.xib */; };
		5230FFA019E1A79400646BC1 /* VideoRelayStatusController.m in Sources */ = {isa = PBXBuildFile; fileRef = 5230FF9E19E1A79400646BC1 /* VideoRelayStatusController.m */; };
		5230FFA119E1A79400646BC1 /* VideoRelayStatus.xib in Resources */ = {isa = PBXBuildFile; fileRef = 5230FF9F19E1A79400646BC1 /* VideoRelayStatus.xib */; };
		524A7E2619D3412300BD55BE /* main.m in Sources */ = {isa = PBXBuildFile; fileRef = 524A7E2519D3412300BD55BE /* main.m */; };
		524A7E2919D3412300BD55BE /* AppDelegate.m in Sources */ = {isa = PBXBuildFile; fileRef = 524A7E2819D3412300BD55BE /* AppDelegate.m */; };
		524A7E2B19D3412300BD55BE /* Images.xcassets in Resources */ = {isa = PBXBuildFile; fileRef = 524A7E2A19D3412300BD55BE /* Images.xcassets */; };
		524A7E4519D3448000BD55BE /* MidiRelay.m in Sources */ = {isa = PBXBuildFile; fileRef = 524A7E4419D3448000BD55BE /* MidiRelay.m */; };
		5260701C19E1D8CD00421B5B /* VideoRelayTestStatusController.m in Sources */ = {isa = PBXBuildFile; fileRef = 5260701A19E1D8CD00421B5B /* VideoRelayTestStatusController.m */; };
		5260701D19E1D8CD00421B5B /* VideoRelayTest.xib in Resources */ = {isa = PBXBuildFile; fileRef = 5260701B19E1D8CD00421B5B /* VideoRelayTest.xib */; };
		5276066219DD6A2A00E50DB3 /* AVFoundation.framework in Frameworks */ = {isa = PBXBuildFile; fileRef = 5276066019DD6A2A00E50DB3 /* AVFoundation.framework */; };
/* End PBXBuildFile section */

/* Begin PBXFileReference section */
		2D8B9D0EF59E451A8AEB7A88 /* libPods.a */ = {isa = PBXFileReference; explicitFileType = archive.ar; includeInIndex = 0; path = libPods.a; sourceTree = BUILT_PRODUCTS_DIR; };
		30D56E64FC5240FAA451BF3B /* Pods.xcconfig */ = {isa = PBXFileReference; includeInIndex = 1; lastKnownFileType = text.xcconfig; name = Pods.xcconfig; path = Pods/Pods.xcconfig; sourceTree = "<group>"; };
		52238EA019E3279C006D692E /* CommonClient.h */ = {isa = PBXFileReference; fileEncoding = 4; lastKnownFileType = sourcecode.c.h; path = CommonClient.h; sourceTree = "<group>"; };
		52238EA119E3279C006D692E /* CommonClient.m */ = {isa = PBXFileReference; fileEncoding = 4; lastKnownFileType = sourcecode.c.objc; path = CommonClient.m; sourceTree = "<group>"; };
		5230FF7F19E193B400646BC1 /* VideoRelayConfiguration.xib */ = {isa = PBXFileReference; fileEncoding = 4; lastKnownFileType = file.xib; path = VideoRelayConfiguration.xib; sourceTree = "<group>"; };
		5230FF8119E194D500646BC1 /* MidiRelayConfiguration.xib */ = {isa = PBXFileReference; fileEncoding = 4; lastKnownFileType = file.xib; path = MidiRelayConfiguration.xib; sourceTree = "<group>"; };
		5230FF8319E1961C00646BC1 /* Application.xib */ = {isa = PBXFileReference; fileEncoding = 4; lastKnownFileType = file.xib; name = Application.xib; path = Base.lproj/Application.xib; sourceTree = "<group>"; };
		5230FF8819E19FF000646BC1 /* MidiRelayConfigurationController.h */ = {isa = PBXFileReference; fileEncoding = 4; lastKnownFileType = sourcecode.c.h; path = MidiRelayConfigurationController.h; sourceTree = "<group>"; };
		5230FF8919E19FF000646BC1 /* MidiRelayConfigurationController.m */ = {isa = PBXFileReference; fileEncoding = 4; lastKnownFileType = sourcecode.c.objc; path = MidiRelayConfigurationController.m; sourceTree = "<group>"; };
		5230FF8B19E1A01000646BC1 /* VideoRelayConfigurationController.h */ = {isa = PBXFileReference; fileEncoding = 4; lastKnownFileType = sourcecode.c.h; path = VideoRelayConfigurationController.h; sourceTree = "<group>"; };
		5230FF8C19E1A01000646BC1 /* VideoRelayConfigurationController.m */ = {isa = PBXFileReference; fileEncoding = 4; lastKnownFileType = sourcecode.c.objc; path = VideoRelayConfigurationController.m; sourceTree = "<group>"; };
		5230FF9819E1A78C00646BC1 /* MidiRelayStatusController.h */ = {isa = PBXFileReference; fileEncoding = 4; lastKnownFileType = sourcecode.c.h; path = MidiRelayStatusController.h; sourceTree = "<group>"; };
		5230FF9919E1A78C00646BC1 /* MidiRelayStatusController.m */ = {isa = PBXFileReference; fileEncoding = 4; lastKnownFileType = sourcecode.c.objc; path = MidiRelayStatusController.m; sourceTree = "<group>"; };
		5230FF9A19E1A78C00646BC1 /* MidiRelayStatus.xib */ = {isa = PBXFileReference; fileEncoding = 4; lastKnownFileType = file.xib; path = MidiRelayStatus.xib; sourceTree = "<group>"; };
		5230FF9D19E1A79400646BC1 /* VideoRelayStatusController.h */ = {isa = PBXFileReference; fileEncoding = 4; lastKnownFileType = sourcecode.c.h; path = VideoRelayStatusController.h; sourceTree = "<group>"; };
		5230FF9E19E1A79400646BC1 /* VideoRelayStatusController.m */ = {isa = PBXFileReference; fileEncoding = 4; lastKnownFileType = sourcecode.c.objc; path = VideoRelayStatusController.m; sourceTree = "<group>"; };
		5230FF9F19E1A79400646BC1 /* VideoRelayStatus.xib */ = {isa = PBXFileReference; fileEncoding = 4; lastKnownFileType = file.xib; path = VideoRelayStatus.xib; sourceTree = "<group>"; };
		524A7E2019D3412300BD55BE /* Volga.app */ = {isa = PBXFileReference; explicitFileType = wrapper.application; includeInIndex = 0; path = Volga.app; sourceTree = BUILT_PRODUCTS_DIR; };
		524A7E2419D3412300BD55BE /* Info.plist */ = {isa = PBXFileReference; lastKnownFileType = text.plist.xml; path = Info.plist; sourceTree = "<group>"; };
		524A7E2519D3412300BD55BE /* main.m */ = {isa = PBXFileReference; lastKnownFileType = sourcecode.c.objc; path = main.m; sourceTree = "<group>"; };
		524A7E2719D3412300BD55BE /* AppDelegate.h */ = {isa = PBXFileReference; lastKnownFileType = sourcecode.c.h; path = AppDelegate.h; sourceTree = "<group>"; };
		524A7E2819D3412300BD55BE /* AppDelegate.m */ = {isa = PBXFileReference; lastKnownFileType = sourcecode.c.objc; path = AppDelegate.m; sourceTree = "<group>"; };
		524A7E2A19D3412300BD55BE /* Images.xcassets */ = {isa = PBXFileReference; lastKnownFileType = folder.assetcatalog; path = Images.xcassets; sourceTree = "<group>"; };
		524A7E4319D3448000BD55BE /* MidiRelay.h */ = {isa = PBXFileReference; fileEncoding = 4; lastKnownFileType = sourcecode.c.h; path = MidiRelay.h; sourceTree = "<group>"; };
		524A7E4419D3448000BD55BE /* MidiRelay.m */ = {isa = PBXFileReference; fileEncoding = 4; lastKnownFileType = sourcecode.c.objc; path = MidiRelay.m; sourceTree = "<group>"; };
		5260701919E1D8CD00421B5B /* VideoRelayTestStatusController.h */ = {isa = PBXFileReference; fileEncoding = 4; lastKnownFileType = sourcecode.c.h; path = VideoRelayTestStatusController.h; sourceTree = "<group>"; };
		5260701A19E1D8CD00421B5B /* VideoRelayTestStatusController.m */ = {isa = PBXFileReference; fileEncoding = 4; lastKnownFileType = sourcecode.c.objc; path = VideoRelayTestStatusController.m; sourceTree = "<group>"; };
		5260701B19E1D8CD00421B5B /* VideoRelayTest.xib */ = {isa = PBXFileReference; fileEncoding = 4; lastKnownFileType = file.xib; path = VideoRelayTest.xib; sourceTree = "<group>"; };
		5276066019DD6A2A00E50DB3 /* AVFoundation.framework */ = {isa = PBXFileReference; lastKnownFileType = wrapper.framework; name = AVFoundation.framework; path = System/Library/Frameworks/AVFoundation.framework; sourceTree = SDKROOT; };
		5276066119DD6A2A00E50DB3 /* AVKit.framework */ = {isa = PBXFileReference; lastKnownFileType = wrapper.framework; name = AVKit.framework; path = System/Library/Frameworks/AVKit.framework; sourceTree = SDKROOT; };
/* End PBXFileReference section */

/* Begin PBXFrameworksBuildPhase section */
		524A7E1D19D3412300BD55BE /* Frameworks */ = {
			isa = PBXFrameworksBuildPhase;
			buildActionMask = 2147483647;
			files = (
				5276066219DD6A2A00E50DB3 /* AVFoundation.framework in Frameworks */,
				2BB04B5F75364C99B2900622 /* libPods.a in Frameworks */,
			);
			runOnlyForDeploymentPostprocessing = 0;
		};
/* End PBXFrameworksBuildPhase section */

/* Begin PBXGroup section */
		2220CFCEDE024AA2B84CDD9F /* Frameworks */ = {
			isa = PBXGroup;
			children = (
				5276066019DD6A2A00E50DB3 /* AVFoundation.framework */,
				5276066119DD6A2A00E50DB3 /* AVKit.framework */,
				2D8B9D0EF59E451A8AEB7A88 /* libPods.a */,
			);
			name = Frameworks;
			sourceTree = "<group>";
		};
		52238EA319E32A38006D692E /* Classes */ = {
			isa = PBXGroup;
			children = (
				524A7E2719D3412300BD55BE /* AppDelegate.h */,
				524A7E2819D3412300BD55BE /* AppDelegate.m */,
				52238EA019E3279C006D692E /* CommonClient.h */,
				52238EA119E3279C006D692E /* CommonClient.m */,
			);
			name = Classes;
			sourceTree = "<group>";
		};
		5230FF8519E19CEA00646BC1 /* Interface */ = {
			isa = PBXGroup;
			children = (
				5230FF8319E1961C00646BC1 /* Application.xib */,
				5230FF8119E194D500646BC1 /* MidiRelayConfiguration.xib */,
				5230FF7F19E193B400646BC1 /* VideoRelayConfiguration.xib */,
				5230FF9A19E1A78C00646BC1 /* MidiRelayStatus.xib */,
				5230FF9F19E1A79400646BC1 /* VideoRelayStatus.xib */,
				5260701B19E1D8CD00421B5B /* VideoRelayTest.xib */,
				524A7E2A19D3412300BD55BE /* Images.xcassets */,
			);
			name = Interface;
			sourceTree = "<group>";
		};
		5230FF8619E19FC800646BC1 /* Relays */ = {
			isa = PBXGroup;
			children = (
				524A7E4319D3448000BD55BE /* MidiRelay.h */,
				524A7E4419D3448000BD55BE /* MidiRelay.m */,
			);
			name = Relays;
			sourceTree = "<group>";
		};
		5230FF8719E19FD800646BC1 /* Controllers */ = {
			isa = PBXGroup;
			children = (
				5230FF8819E19FF000646BC1 /* MidiRelayConfigurationController.h */,
				5230FF8919E19FF000646BC1 /* MidiRelayConfigurationController.m */,
				5230FF8B19E1A01000646BC1 /* VideoRelayConfigurationController.h */,
				5230FF8C19E1A01000646BC1 /* VideoRelayConfigurationController.m */,
				5230FF9819E1A78C00646BC1 /* MidiRelayStatusController.h */,
				5230FF9919E1A78C00646BC1 /* MidiRelayStatusController.m */,
				5230FF9D19E1A79400646BC1 /* VideoRelayStatusController.h */,
				5230FF9E19E1A79400646BC1 /* VideoRelayStatusController.m */,
				5260701919E1D8CD00421B5B /* VideoRelayTestStatusController.h */,
				5260701A19E1D8CD00421B5B /* VideoRelayTestStatusController.m */,
			);
			name = Controllers;
			sourceTree = "<group>";
		};
		524A7E1719D3412300BD55BE = {
			isa = PBXGroup;
			children = (
				524A7E2219D3412300BD55BE /* Volga */,
				524A7E2119D3412300BD55BE /* Products */,
				30D56E64FC5240FAA451BF3B /* Pods.xcconfig */,
				2220CFCEDE024AA2B84CDD9F /* Frameworks */,
			);
			sourceTree = "<group>";
		};
		524A7E2119D3412300BD55BE /* Products */ = {
			isa = PBXGroup;
			children = (
				524A7E2019D3412300BD55BE /* Volga.app */,
			);
			name = Products;
			sourceTree = "<group>";
		};
		524A7E2219D3412300BD55BE /* Volga */ = {
			isa = PBXGroup;
			children = (
				52238EA319E32A38006D692E /* Classes */,
				5230FF8619E19FC800646BC1 /* Relays */,
				5230FF8719E19FD800646BC1 /* Controllers */,
				5230FF8519E19CEA00646BC1 /* Interface */,
				524A7E2319D3412300BD55BE /* Supporting Files */,
			);
			path = Volga;
			sourceTree = "<group>";
		};
		524A7E2319D3412300BD55BE /* Supporting Files */ = {
			isa = PBXGroup;
			children = (
				524A7E2419D3412300BD55BE /* Info.plist */,
				524A7E2519D3412300BD55BE /* main.m */,
			);
			name = "Supporting Files";
			sourceTree = "<group>";
		};
/* End PBXGroup section */

/* Begin PBXNativeTarget section */
		524A7E1F19D3412300BD55BE /* Volga */ = {
			isa = PBXNativeTarget;
			buildConfigurationList = 524A7E3D19D3412400BD55BE /* Build configuration list for PBXNativeTarget "Volga" */;
			buildPhases = (
				93AE46EC3FF2420FB3C898D0 /* Check Pods Manifest.lock */,
				524A7E1C19D3412300BD55BE /* Sources */,
				524A7E1D19D3412300BD55BE /* Frameworks */,
				524A7E1E19D3412300BD55BE /* Resources */,
				A8A4030097ED4EFCA21C041D /* Copy Pods Resources */,
			);
			buildRules = (
			);
			dependencies = (
			);
			name = Volga;
			productName = Volga;
			productReference = 524A7E2019D3412300BD55BE /* Volga.app */;
			productType = "com.apple.product-type.application";
		};
/* End PBXNativeTarget section */

/* Begin PBXProject section */
		524A7E1819D3412300BD55BE /* Project object */ = {
			isa = PBXProject;
			attributes = {
				LastUpgradeCheck = 0600;
				ORGANIZATIONNAME = shiftr.io;
				TargetAttributes = {
					524A7E1F19D3412300BD55BE = {
						CreatedOnToolsVersion = 6.0.1;
					};
				};
			};
			buildConfigurationList = 524A7E1B19D3412300BD55BE /* Build configuration list for PBXProject "Volga" */;
			compatibilityVersion = "Xcode 3.2";
			developmentRegion = English;
			hasScannedForEncodings = 0;
			knownRegions = (
				en,
				Base,
			);
			mainGroup = 524A7E1719D3412300BD55BE;
			productRefGroup = 524A7E2119D3412300BD55BE /* Products */;
			projectDirPath = "";
			projectRoot = "";
			targets = (
				524A7E1F19D3412300BD55BE /* Volga */,
			);
		};
/* End PBXProject section */

/* Begin PBXResourcesBuildPhase section */
		524A7E1E19D3412300BD55BE /* Resources */ = {
			isa = PBXResourcesBuildPhase;
			buildActionMask = 2147483647;
			files = (
				524A7E2B19D3412300BD55BE /* Images.xcassets in Resources */,
				5230FF8019E193B400646BC1 /* VideoRelayConfiguration.xib in Resources */,
				5230FF9C19E1A78C00646BC1 /* MidiRelayStatus.xib in Resources */,
				5260701D19E1D8CD00421B5B /* VideoRelayTest.xib in Resources */,
				5230FF8219E194D500646BC1 /* MidiRelayConfiguration.xib in Resources */,
				5230FF8419E1961C00646BC1 /* Application.xib in Resources */,
				5230FFA119E1A79400646BC1 /* VideoRelayStatus.xib in Resources */,
			);
			runOnlyForDeploymentPostprocessing = 0;
		};
/* End PBXResourcesBuildPhase section */

/* Begin PBXShellScriptBuildPhase section */
		93AE46EC3FF2420FB3C898D0 /* Check Pods Manifest.lock */ = {
			isa = PBXShellScriptBuildPhase;
			buildActionMask = 2147483647;
			files = (
			);
			inputPaths = (
			);
			name = "Check Pods Manifest.lock";
			outputPaths = (
			);
			runOnlyForDeploymentPostprocessing = 0;
			shellPath = /bin/sh;
			shellScript = "diff \"${PODS_ROOT}/../Podfile.lock\" \"${PODS_ROOT}/Manifest.lock\" > /dev/null\nif [[ $? != 0 ]] ; then\n    cat << EOM\nerror: The sandbox is not in sync with the Podfile.lock. Run 'pod install' or update your CocoaPods installation.\nEOM\n    exit 1\nfi\n";
			showEnvVarsInLog = 0;
		};
		A8A4030097ED4EFCA21C041D /* Copy Pods Resources */ = {
			isa = PBXShellScriptBuildPhase;
			buildActionMask = 2147483647;
			files = (
			);
			inputPaths = (
			);
			name = "Copy Pods Resources";
			outputPaths = (
			);
			runOnlyForDeploymentPostprocessing = 0;
			shellPath = /bin/sh;
			shellScript = "\"${SRCROOT}/Pods/Pods-resources.sh\"\n";
			showEnvVarsInLog = 0;
		};
/* End PBXShellScriptBuildPhase section */

/* Begin PBXSourcesBuildPhase section */
		524A7E1C19D3412300BD55BE /* Sources */ = {
			isa = PBXSourcesBuildPhase;
			buildActionMask = 2147483647;
			files = (
				524A7E4519D3448000BD55BE /* MidiRelay.m in Sources */,
				5230FF8D19E1A01000646BC1 /* VideoRelayConfigurationController.m in Sources */,
				524A7E2919D3412300BD55BE /* AppDelegate.m in Sources */,
				52238EA219E3279C006D692E /* CommonClient.m in Sources */,
				5230FFA019E1A79400646BC1 /* VideoRelayStatusController.m in Sources */,
				5230FF9B19E1A78C00646BC1 /* MidiRelayStatusController.m in Sources */,
				5230FF8A19E19FF000646BC1 /* MidiRelayConfigurationController.m in Sources */,
				524A7E2619D3412300BD55BE /* main.m in Sources */,
				5260701C19E1D8CD00421B5B /* VideoRelayTestStatusController.m in Sources */,
			);
			runOnlyForDeploymentPostprocessing = 0;
		};
/* End PBXSourcesBuildPhase section */

/* Begin XCBuildConfiguration section */
		524A7E3B19D3412400BD55BE /* Debug */ = {
			isa = XCBuildConfiguration;
			buildSettings = {
				ALWAYS_SEARCH_USER_PATHS = NO;
				CLANG_CXX_LANGUAGE_STANDARD = "gnu++0x";
				CLANG_CXX_LIBRARY = "libc++";
				CLANG_ENABLE_MODULES = YES;
				CLANG_ENABLE_OBJC_ARC = YES;
				CLANG_WARN_BOOL_CONVERSION = YES;
				CLANG_WARN_CONSTANT_CONVERSION = YES;
				CLANG_WARN_DIRECT_OBJC_ISA_USAGE = YES_ERROR;
				CLANG_WARN_EMPTY_BODY = YES;
				CLANG_WARN_ENUM_CONVERSION = YES;
				CLANG_WARN_INT_CONVERSION = YES;
				CLANG_WARN_OBJC_ROOT_CLASS = YES_ERROR;
				CLANG_WARN_UNREACHABLE_CODE = YES;
				CLANG_WARN__DUPLICATE_METHOD_MATCH = YES;
				CODE_SIGN_IDENTITY = "-";
				COPY_PHASE_STRIP = NO;
				ENABLE_STRICT_OBJC_MSGSEND = YES;
				GCC_C_LANGUAGE_STANDARD = gnu99;
				GCC_DYNAMIC_NO_PIC = NO;
				GCC_OPTIMIZATION_LEVEL = 0;
				GCC_PREPROCESSOR_DEFINITIONS = (
					"DEBUG=1",
					"$(inherited)",
				);
				GCC_SYMBOLS_PRIVATE_EXTERN = NO;
				GCC_WARN_64_TO_32_BIT_CONVERSION = YES;
				GCC_WARN_ABOUT_RETURN_TYPE = YES_ERROR;
				GCC_WARN_UNDECLARED_SELECTOR = YES;
				GCC_WARN_UNINITIALIZED_AUTOS = YES_AGGRESSIVE;
				GCC_WARN_UNUSED_FUNCTION = YES;
				GCC_WARN_UNUSED_VARIABLE = YES;
				MACOSX_DEPLOYMENT_TARGET = 10.9;
				MTL_ENABLE_DEBUG_INFO = YES;
				ONLY_ACTIVE_ARCH = YES;
				SDKROOT = macosx;
			};
			name = Debug;
		};
		524A7E3C19D3412400BD55BE /* Release */ = {
			isa = XCBuildConfiguration;
			buildSettings = {
				ALWAYS_SEARCH_USER_PATHS = NO;
				CLANG_CXX_LANGUAGE_STANDARD = "gnu++0x";
				CLANG_CXX_LIBRARY = "libc++";
				CLANG_ENABLE_MODULES = YES;
				CLANG_ENABLE_OBJC_ARC = YES;
				CLANG_WARN_BOOL_CONVERSION = YES;
				CLANG_WARN_CONSTANT_CONVERSION = YES;
				CLANG_WARN_DIRECT_OBJC_ISA_USAGE = YES_ERROR;
				CLANG_WARN_EMPTY_BODY = YES;
				CLANG_WARN_ENUM_CONVERSION = YES;
				CLANG_WARN_INT_CONVERSION = YES;
				CLANG_WARN_OBJC_ROOT_CLASS = YES_ERROR;
				CLANG_WARN_UNREACHABLE_CODE = YES;
				CLANG_WARN__DUPLICATE_METHOD_MATCH = YES;
				CODE_SIGN_IDENTITY = "-";
				COPY_PHASE_STRIP = YES;
				DEBUG_INFORMATION_FORMAT = "dwarf-with-dsym";
				ENABLE_NS_ASSERTIONS = NO;
				ENABLE_STRICT_OBJC_MSGSEND = YES;
				GCC_C_LANGUAGE_STANDARD = gnu99;
				GCC_WARN_64_TO_32_BIT_CONVERSION = YES;
				GCC_WARN_ABOUT_RETURN_TYPE = YES_ERROR;
				GCC_WARN_UNDECLARED_SELECTOR = YES;
				GCC_WARN_UNINITIALIZED_AUTOS = YES_AGGRESSIVE;
				GCC_WARN_UNUSED_FUNCTION = YES;
				GCC_WARN_UNUSED_VARIABLE = YES;
				MACOSX_DEPLOYMENT_TARGET = 10.9;
				MTL_ENABLE_DEBUG_INFO = NO;
				SDKROOT = macosx;
			};
			name = Release;
		};
		524A7E3E19D3412400BD55BE /* Debug */ = {
			isa = XCBuildConfiguration;
			baseConfigurationReference = 30D56E64FC5240FAA451BF3B /* Pods.xcconfig */;
			buildSettings = {
				ASSETCATALOG_COMPILER_APPICON_NAME = AppIcon;
				COMBINE_HIDPI_IMAGES = YES;
				INFOPLIST_FILE = Volga/Info.plist;
				LD_RUNPATH_SEARCH_PATHS = "$(inherited) @executable_path/../Frameworks";
				PRODUCT_NAME = "$(TARGET_NAME)";
			};
			name = Debug;
		};
		524A7E3F19D3412400BD55BE /* Release */ = {
			isa = XCBuildConfiguration;
			baseConfigurationReference = 30D56E64FC5240FAA451BF3B /* Pods.xcconfig */;
			buildSettings = {
				ASSETCATALOG_COMPILER_APPICON_NAME = AppIcon;
				COMBINE_HIDPI_IMAGES = YES;
				INFOPLIST_FILE = Volga/Info.plist;
				LD_RUNPATH_SEARCH_PATHS = "$(inherited) @executable_path/../Frameworks";
				PRODUCT_NAME = "$(TARGET_NAME)";
			};
			name = Release;
		};
/* End XCBuildConfiguration section */

/* Begin XCConfigurationList section */
		524A7E1B19D3412300BD55BE /* Build configuration list for PBXProject "Volga" */ = {
			isa = XCConfigurationList;
			buildConfigurations = (
				524A7E3B19D3412400BD55BE /* Debug */,
				524A7E3C19D3412400BD55BE /* Release */,
			);
			defaultConfigurationIsVisible = 0;
			defaultConfigurationName = Release;
		};
		524A7E3D19D3412400BD55BE /* Build configuration list for PBXNativeTarget "Volga" */ = {
			isa = XCConfigurationList;
			buildConfigurations = (
				524A7E3E19D3412400BD55BE /* Debug */,
				524A7E3F19D3412400BD55BE /* Release */,
			);
			defaultConfigurationIsVisible = 0;
			defaultConfigurationName = Release;
		};
/* End XCConfigurationList section */
	};
	rootObject = 524A7E1819D3412300BD55BE /* Project object */;
}
